// !$*UTF8*$!
{
	archiveVersion = 1;
	classes = {
	};
	objectVersion = 50;
	objects = {

/* Begin PBXBuildFile section */
		3D503DD82179223B00DE1D28 /* AppDelegate.swift in Sources */ = {isa = PBXBuildFile; fileRef = 3D503DD72179223B00DE1D28 /* AppDelegate.swift */; };
		3D503DDA2179223B00DE1D28 /* ViewController.swift in Sources */ = {isa = PBXBuildFile; fileRef = 3D503DD92179223B00DE1D28 /* ViewController.swift */; };
		3D503DDD2179223B00DE1D28 /* Main.storyboard in Resources */ = {isa = PBXBuildFile; fileRef = 3D503DDB2179223B00DE1D28 /* Main.storyboard */; };
		3D503DDF2179224100DE1D28 /* Assets.xcassets in Resources */ = {isa = PBXBuildFile; fileRef = 3D503DDE2179224100DE1D28 /* Assets.xcassets */; };
		3D503DE22179224100DE1D28 /* LaunchScreen.storyboard in Resources */ = {isa = PBXBuildFile; fileRef = 3D503DE02179224100DE1D28 /* LaunchScreen.storyboard */; };
		3D503DED2179224100DE1D28 /* ClimaTests.swift in Sources */ = {isa = PBXBuildFile; fileRef = 3D503DEC2179224100DE1D28 /* ClimaTests.swift */; };
		3D503DF82179224100DE1D28 /* ClimaUITests.swift in Sources */ = {isa = PBXBuildFile; fileRef = 3D503DF72179224100DE1D28 /* ClimaUITests.swift */; };
/* End PBXBuildFile section */

/* Begin PBXContainerItemProxy section */
		3D503DE92179224100DE1D28 /* PBXContainerItemProxy */ = {
			isa = PBXContainerItemProxy;
			containerPortal = 3D503DCC2179223A00DE1D28 /* Project object */;
			proxyType = 1;
			remoteGlobalIDString = 3D503DD32179223B00DE1D28;
			remoteInfo = Clima;
		};
		3D503DF42179224100DE1D28 /* PBXContainerItemProxy */ = {
			isa = PBXContainerItemProxy;
			containerPortal = 3D503DCC2179223A00DE1D28 /* Project object */;
			proxyType = 1;
			remoteGlobalIDString = 3D503DD32179223B00DE1D28;
			remoteInfo = Clima;
		};
/* End PBXContainerItemProxy section */

/* Begin PBXFileReference section */
		3D503DD42179223B00DE1D28 /* Clima.app */ = {isa = PBXFileReference; explicitFileType = wrapper.application; includeInIndex = 0; path = Clima.app; sourceTree = BUILT_PRODUCTS_DIR; };
		3D503DD72179223B00DE1D28 /* AppDelegate.swift */ = {isa = PBXFileReference; lastKnownFileType = sourcecode.swift; path = AppDelegate.swift; sourceTree = "<group>"; };
		3D503DD92179223B00DE1D28 /* ViewController.swift */ = {isa = PBXFileReference; lastKnownFileType = sourcecode.swift; path = ViewController.swift; sourceTree = "<group>"; };
		3D503DDC2179223B00DE1D28 /* Base */ = {isa = PBXFileReference; lastKnownFileType = file.storyboard; name = Base; path = Base.lproj/Main.storyboard; sourceTree = "<group>"; };
		3D503DDE2179224100DE1D28 /* Assets.xcassets */ = {isa = PBXFileReference; lastKnownFileType = folder.assetcatalog; path = Assets.xcassets; sourceTree = "<group>"; };
		3D503DE12179224100DE1D28 /* Base */ = {isa = PBXFileReference; lastKnownFileType = file.storyboard; name = Base; path = Base.lproj/LaunchScreen.storyboard; sourceTree = "<group>"; };
		3D503DE32179224100DE1D28 /* Info.plist */ = {isa = PBXFileReference; lastKnownFileType = text.plist.xml; path = Info.plist; sourceTree = "<group>"; };
		3D503DE82179224100DE1D28 /* ClimaTests.xctest */ = {isa = PBXFileReference; explicitFileType = wrapper.cfbundle; includeInIndex = 0; path = ClimaTests.xctest; sourceTree = BUILT_PRODUCTS_DIR; };
		3D503DEC2179224100DE1D28 /* ClimaTests.swift */ = {isa = PBXFileReference; lastKnownFileType = sourcecode.swift; path = ClimaTests.swift; sourceTree = "<group>"; };
		3D503DEE2179224100DE1D28 /* Info.plist */ = {isa = PBXFileReference; lastKnownFileType = text.plist.xml; path = Info.plist; sourceTree = "<group>"; };
		3D503DF32179224100DE1D28 /* ClimaUITests.xctest */ = {isa = PBXFileReference; explicitFileType = wrapper.cfbundle; includeInIndex = 0; path = ClimaUITests.xctest; sourceTree = BUILT_PRODUCTS_DIR; };
		3D503DF72179224100DE1D28 /* ClimaUITests.swift */ = {isa = PBXFileReference; lastKnownFileType = sourcecode.swift; path = ClimaUITests.swift; sourceTree = "<group>"; };
		3D503DF92179224100DE1D28 /* Info.plist */ = {isa = PBXFileReference; lastKnownFileType = text.plist.xml; path = Info.plist; sourceTree = "<group>"; };
/* End PBXFileReference section */

/* Begin PBXFrameworksBuildPhase section */
		3D503DD12179223B00DE1D28 /* Frameworks */ = {
			isa = PBXFrameworksBuildPhase;
			buildActionMask = 2147483647;
			files = (
			);
			runOnlyForDeploymentPostprocessing = 0;
		};
		3D503DE52179224100DE1D28 /* Frameworks */ = {
			isa = PBXFrameworksBuildPhase;
			buildActionMask = 2147483647;
			files = (
			);
			runOnlyForDeploymentPostprocessing = 0;
		};
		3D503DF02179224100DE1D28 /* Frameworks */ = {
			isa = PBXFrameworksBuildPhase;
			buildActionMask = 2147483647;
			files = (
			);
			runOnlyForDeploymentPostprocessing = 0;
		};
/* End PBXFrameworksBuildPhase section */

/* Begin PBXGroup section */
		3D503DCB2179223A00DE1D28 = {
			isa = PBXGroup;
			children = (
				3D503DD62179223B00DE1D28 /* Clima */,
				3D503DEB2179224100DE1D28 /* ClimaTests */,
				3D503DF62179224100DE1D28 /* ClimaUITests */,
				3D503DD52179223B00DE1D28 /* Products */,
			);
			sourceTree = "<group>";
		};
		3D503DD52179223B00DE1D28 /* Products */ = {
			isa = PBXGroup;
			children = (
				3D503DD42179223B00DE1D28 /* Clima.app */,
				3D503DE82179224100DE1D28 /* ClimaTests.xctest */,
				3D503DF32179224100DE1D28 /* ClimaUITests.xctest */,
			);
			name = Products;
			sourceTree = "<group>";
		};
		3D503DD62179223B00DE1D28 /* Clima */ = {
			isa = PBXGroup;
			children = (
				3D503DD72179223B00DE1D28 /* AppDelegate.swift */,
				3D503DD92179223B00DE1D28 /* ViewController.swift */,
				3D503DDB2179223B00DE1D28 /* Main.storyboard */,
				3D503DDE2179224100DE1D28 /* Assets.xcassets */,
				3D503DE02179224100DE1D28 /* LaunchScreen.storyboard */,
				3D503DE32179224100DE1D28 /* Info.plist */,
			);
			path = Clima;
			sourceTree = "<group>";
		};
		3D503DEB2179224100DE1D28 /* ClimaTests */ = {
			isa = PBXGroup;
			children = (
				3D503DEC2179224100DE1D28 /* ClimaTests.swift */,
				3D503DEE2179224100DE1D28 /* Info.plist */,
			);
			path = ClimaTests;
			sourceTree = "<group>";
		};
		3D503DF62179224100DE1D28 /* ClimaUITests */ = {
			isa = PBXGroup;
			children = (
				3D503DF72179224100DE1D28 /* ClimaUITests.swift */,
				3D503DF92179224100DE1D28 /* Info.plist */,
			);
			path = ClimaUITests;
			sourceTree = "<group>";
		};
/* End PBXGroup section */

/* Begin PBXNativeTarget section */
		3D503DD32179223B00DE1D28 /* Clima */ = {
			isa = PBXNativeTarget;
			buildConfigurationList = 3D503DFC2179224100DE1D28 /* Build configuration list for PBXNativeTarget "Clima" */;
			buildPhases = (
				3D503DD02179223B00DE1D28 /* Sources */,
				3D503DD12179223B00DE1D28 /* Frameworks */,
				3D503DD22179223B00DE1D28 /* Resources */,
			);
			buildRules = (
			);
			dependencies = (
			);
			name = Clima;
			productName = Clima;
			productReference = 3D503DD42179223B00DE1D28 /* Clima.app */;
			productType = "com.apple.product-type.application";
		};
		3D503DE72179224100DE1D28 /* ClimaTests */ = {
			isa = PBXNativeTarget;
			buildConfigurationList = 3D503DFF2179224100DE1D28 /* Build configuration list for PBXNativeTarget "ClimaTests" */;
			buildPhases = (
				3D503DE42179224100DE1D28 /* Sources */,
				3D503DE52179224100DE1D28 /* Frameworks */,
				3D503DE62179224100DE1D28 /* Resources */,
			);
			buildRules = (
			);
			dependencies = (
				3D503DEA2179224100DE1D28 /* PBXTargetDependency */,
			);
			name = ClimaTests;
			productName = ClimaTests;
			productReference = 3D503DE82179224100DE1D28 /* ClimaTests.xctest */;
			productType = "com.apple.product-type.bundle.unit-test";
		};
		3D503DF22179224100DE1D28 /* ClimaUITests */ = {
			isa = PBXNativeTarget;
			buildConfigurationList = 3D503E022179224100DE1D28 /* Build configuration list for PBXNativeTarget "ClimaUITests" */;
			buildPhases = (
				3D503DEF2179224100DE1D28 /* Sources */,
				3D503DF02179224100DE1D28 /* Frameworks */,
				3D503DF12179224100DE1D28 /* Resources */,
			);
			buildRules = (
			);
			dependencies = (
				3D503DF52179224100DE1D28 /* PBXTargetDependency */,
			);
			name = ClimaUITests;
			productName = ClimaUITests;
			productReference = 3D503DF32179224100DE1D28 /* ClimaUITests.xctest */;
			productType = "com.apple.product-type.bundle.ui-testing";
		};
/* End PBXNativeTarget section */

/* Begin PBXProject section */
		3D503DCC2179223A00DE1D28 /* Project object */ = {
			isa = PBXProject;
			attributes = {
				LastSwiftUpdateCheck = 0940;
				LastUpgradeCheck = 0940;
				ORGANIZATIONNAME = David;
				TargetAttributes = {
					3D503DD32179223B00DE1D28 = {
						CreatedOnToolsVersion = 9.4.1;
					};
					3D503DE72179224100DE1D28 = {
						CreatedOnToolsVersion = 9.4.1;
						TestTargetID = 3D503DD32179223B00DE1D28;
					};
					3D503DF22179224100DE1D28 = {
						CreatedOnToolsVersion = 9.4.1;
						TestTargetID = 3D503DD32179223B00DE1D28;
					};
				};
			};
			buildConfigurationList = 3D503DCF2179223A00DE1D28 /* Build configuration list for PBXProject "Clima" */;
			compatibilityVersion = "Xcode 9.3";
			developmentRegion = en;
			hasScannedForEncodings = 0;
			knownRegions = (
				en,
				Base,
			);
			mainGroup = 3D503DCB2179223A00DE1D28;
			productRefGroup = 3D503DD52179223B00DE1D28 /* Products */;
			projectDirPath = "";
			projectRoot = "";
			targets = (
				3D503DD32179223B00DE1D28 /* Clima */,
				3D503DE72179224100DE1D28 /* ClimaTests */,
				3D503DF22179224100DE1D28 /* ClimaUITests */,
			);
		};
/* End PBXProject section */

/* Begin PBXResourcesBuildPhase section */
		3D503DD22179223B00DE1D28 /* Resources */ = {
			isa = PBXResourcesBuildPhase;
			buildActionMask = 2147483647;
			files = (
				3D503DE22179224100DE1D28 /* LaunchScreen.storyboard in Resources */,
				3D503DDF2179224100DE1D28 /* Assets.xcassets in Resources */,
				3D503DDD2179223B00DE1D28 /* Main.storyboard in Resources */,
			);
			runOnlyForDeploymentPostprocessing = 0;
		};
		3D503DE62179224100DE1D28 /* Resources */ = {
			isa = PBXResourcesBuildPhase;
			buildActionMask = 2147483647;
			files = (
			);
			runOnlyForDeploymentPostprocessing = 0;
		};
		3D503DF12179224100DE1D28 /* Resources */ = {
			isa = PBXResourcesBuildPhase;
			buildActionMask = 2147483647;
			files = (
			);
			runOnlyForDeploymentPostprocessing = 0;
		};
/* End PBXResourcesBuildPhase section */

/* Begin PBXSourcesBuildPhase section */
		3D503DD02179223B00DE1D28 /* Sources */ = {
			isa = PBXSourcesBuildPhase;
			buildActionMask = 2147483647;
			files = (
				3D503DDA2179223B00DE1D28 /* ViewController.swift in Sources */,
				3D503DD82179223B00DE1D28 /* AppDelegate.swift in Sources */,
			);
			runOnlyForDeploymentPostprocessing = 0;
		};
		3D503DE42179224100DE1D28 /* Sources */ = {
			isa = PBXSourcesBuildPhase;
			buildActionMask = 2147483647;
			files = (
				3D503DED2179224100DE1D28 /* ClimaTests.swift in Sources */,
			);
			runOnlyForDeploymentPostprocessing = 0;
		};
		3D503DEF2179224100DE1D28 /* Sources */ = {
			isa = PBXSourcesBuildPhase;
			buildActionMask = 2147483647;
			files = (
				3D503DF82179224100DE1D28 /* ClimaUITests.swift in Sources */,
			);
			runOnlyForDeploymentPostprocessing = 0;
		};
/* End PBXSourcesBuildPhase section */

/* Begin PBXTargetDependency section */
		3D503DEA2179224100DE1D28 /* PBXTargetDependency */ = {
			isa = PBXTargetDependency;
			target = 3D503DD32179223B00DE1D28 /* Clima */;
			targetProxy = 3D503DE92179224100DE1D28 /* PBXContainerItemProxy */;
		};
		3D503DF52179224100DE1D28 /* PBXTargetDependency */ = {
			isa = PBXTargetDependency;
			target = 3D503DD32179223B00DE1D28 /* Clima */;
			targetProxy = 3D503DF42179224100DE1D28 /* PBXContainerItemProxy */;
		};
/* End PBXTargetDependency section */

/* Begin PBXVariantGroup section */
		3D503DDB2179223B00DE1D28 /* Main.storyboard */ = {
			isa = PBXVariantGroup;
			children = (
				3D503DDC2179223B00DE1D28 /* Base */,
			);
			name = Main.storyboard;
			sourceTree = "<group>";
		};
		3D503DE02179224100DE1D28 /* LaunchScreen.storyboard */ = {
			isa = PBXVariantGroup;
			children = (
				3D503DE12179224100DE1D28 /* Base */,
			);
			name = LaunchScreen.storyboard;
			sourceTree = "<group>";
		};
/* End PBXVariantGroup section */

/* Begin XCBuildConfiguration section */
		3D503DFA2179224100DE1D28 /* Debug */ = {
			isa = XCBuildConfiguration;
			buildSettings = {
				ALWAYS_SEARCH_USER_PATHS = NO;
				CLANG_ANALYZER_NONNULL = YES;
				CLANG_ANALYZER_NUMBER_OBJECT_CONVERSION = YES_AGGRESSIVE;
				CLANG_CXX_LANGUAGE_STANDARD = "gnu++14";
				CLANG_CXX_LIBRARY = "libc++";
				CLANG_ENABLE_MODULES = YES;
				CLANG_ENABLE_OBJC_ARC = YES;
				CLANG_ENABLE_OBJC_WEAK = YES;
				CLANG_WARN_BLOCK_CAPTURE_AUTORELEASING = YES;
				CLANG_WARN_BOOL_CONVERSION = YES;
				CLANG_WARN_COMMA = YES;
				CLANG_WARN_CONSTANT_CONVERSION = YES;
				CLANG_WARN_DEPRECATED_OBJC_IMPLEMENTATIONS = YES;
				CLANG_WARN_DIRECT_OBJC_ISA_USAGE = YES_ERROR;
				CLANG_WARN_DOCUMENTATION_COMMENTS = YES;
				CLANG_WARN_EMPTY_BODY = YES;
				CLANG_WARN_ENUM_CONVERSION = YES;
				CLANG_WARN_INFINITE_RECURSION = YES;
				CLANG_WARN_INT_CONVERSION = YES;
				CLANG_WARN_NON_LITERAL_NULL_CONVERSION = YES;
				CLANG_WARN_OBJC_IMPLICIT_RETAIN_SELF = YES;
				CLANG_WARN_OBJC_LITERAL_CONVERSION = YES;
				CLANG_WARN_OBJC_ROOT_CLASS = YES_ERROR;
				CLANG_WARN_RANGE_LOOP_ANALYSIS = YES;
				CLANG_WARN_STRICT_PROTOTYPES = YES;
				CLANG_WARN_SUSPICIOUS_MOVE = YES;
				CLANG_WARN_UNGUARDED_AVAILABILITY = YES_AGGRESSIVE;
				CLANG_WARN_UNREACHABLE_CODE = YES;
				CLANG_WARN__DUPLICATE_METHOD_MATCH = YES;
				CODE_SIGN_IDENTITY = "iPhone Developer";
				COPY_PHASE_STRIP = NO;
				DEBUG_INFORMATION_FORMAT = dwarf;
				ENABLE_STRICT_OBJC_MSGSEND = YES;
				ENABLE_TESTABILITY = YES;
				GCC_C_LANGUAGE_STANDARD = gnu11;
				GCC_DYNAMIC_NO_PIC = NO;
				GCC_NO_COMMON_BLOCKS = YES;
				GCC_OPTIMIZATION_LEVEL = 0;
				GCC_PREPROCESSOR_DEFINITIONS = (
					"DEBUG=1",
					"$(inherited)",
				);
				GCC_WARN_64_TO_32_BIT_CONVERSION = YES;
				GCC_WARN_ABOUT_RETURN_TYPE = YES_ERROR;
				GCC_WARN_UNDECLARED_SELECTOR = YES;
				GCC_WARN_UNINITIALIZED_AUTOS = YES_AGGRESSIVE;
				GCC_WARN_UNUSED_FUNCTION = YES;
				GCC_WARN_UNUSED_VARIABLE = YES;
				IPHONEOS_DEPLOYMENT_TARGET = 11.4;
				MTL_ENABLE_DEBUG_INFO = YES;
				ONLY_ACTIVE_ARCH = YES;
				SDKROOT = iphoneos;
				SWIFT_ACTIVE_COMPILATION_CONDITIONS = DEBUG;
				SWIFT_OPTIMIZATION_LEVEL = "-Onone";
			};
			name = Debug;
		};
		3D503DFB2179224100DE1D28 /* Release */ = {
			isa = XCBuildConfiguration;
			buildSettings = {
				ALWAYS_SEARCH_USER_PATHS = NO;
				CLANG_ANALYZER_NONNULL = YES;
				CLANG_ANALYZER_NUMBER_OBJECT_CONVERSION = YES_AGGRESSIVE;
				CLANG_CXX_LANGUAGE_STANDARD = "gnu++14";
				CLANG_CXX_LIBRARY = "libc++";
				CLANG_ENABLE_MODULES = YES;
				CLANG_ENABLE_OBJC_ARC = YES;
				CLANG_ENABLE_OBJC_WEAK = YES;
				CLANG_WARN_BLOCK_CAPTURE_AUTORELEASING = YES;
				CLANG_WARN_BOOL_CONVERSION = YES;
				CLANG_WARN_COMMA = YES;
				CLANG_WARN_CONSTANT_CONVERSION = YES;
				CLANG_WARN_DEPRECATED_OBJC_IMPLEMENTATIONS = YES;
				CLANG_WARN_DIRECT_OBJC_ISA_USAGE = YES_ERROR;
				CLANG_WARN_DOCUMENTATION_COMMENTS = YES;
				CLANG_WARN_EMPTY_BODY = YES;
				CLANG_WARN_ENUM_CONVERSION = YES;
				CLANG_WARN_INFINITE_RECURSION = YES;
				CLANG_WARN_INT_CONVERSION = YES;
				CLANG_WARN_NON_LITERAL_NULL_CONVERSION = YES;
				CLANG_WARN_OBJC_IMPLICIT_RETAIN_SELF = YES;
				CLANG_WARN_OBJC_LITERAL_CONVERSION = YES;
				CLANG_WARN_OBJC_ROOT_CLASS = YES_ERROR;
				CLANG_WARN_RANGE_LOOP_ANALYSIS = YES;
				CLANG_WARN_STRICT_PROTOTYPES = YES;
				CLANG_WARN_SUSPICIOUS_MOVE = YES;
				CLANG_WARN_UNGUARDED_AVAILABILITY = YES_AGGRESSIVE;
				CLANG_WARN_UNREACHABLE_CODE = YES;
				CLANG_WARN__DUPLICATE_METHOD_MATCH = YES;
				CODE_SIGN_IDENTITY = "iPhone Developer";
				COPY_PHASE_STRIP = NO;
				DEBUG_INFORMATION_FORMAT = "dwarf-with-dsym";
				ENABLE_NS_ASSERTIONS = NO;
				ENABLE_STRICT_OBJC_MSGSEND = YES;
				GCC_C_LANGUAGE_STANDARD = gnu11;
				GCC_NO_COMMON_BLOCKS = YES;
				GCC_WARN_64_TO_32_BIT_CONVERSION = YES;
				GCC_WARN_ABOUT_RETURN_TYPE = YES_ERROR;
				GCC_WARN_UNDECLARED_SELECTOR = YES;
				GCC_WARN_UNINITIALIZED_AUTOS = YES_AGGRESSIVE;
				GCC_WARN_UNUSED_FUNCTION = YES;
				GCC_WARN_UNUSED_VARIABLE = YES;
				IPHONEOS_DEPLOYMENT_TARGET = 11.4;
				MTL_ENABLE_DEBUG_INFO = NO;
				SDKROOT = iphoneos;
				SWIFT_COMPILATION_MODE = wholemodule;
				SWIFT_OPTIMIZATION_LEVEL = "-O";
				VALIDATE_PRODUCT = YES;
			};
			name = Release;
		};
		3D503DFD2179224100DE1D28 /* Debug */ = {
			isa = XCBuildConfiguration;
			buildSettings = {
				ASSETCATALOG_COMPILER_APPICON_NAME = AppIcon;
				CODE_SIGN_STYLE = Automatic;
				INFOPLIST_FILE = Clima/Info.plist;
				LD_RUNPATH_SEARCH_PATHS = (
					"$(inherited)",
					"@executable_path/Frameworks",
				);
				PRODUCT_BUNDLE_IDENTIFIER = edu.ulsa.Clima;
				PRODUCT_NAME = "$(TARGET_NAME)";
				SWIFT_VERSION = 4.0;
				TARGETED_DEVICE_FAMILY = "1,2";
			};
			name = Debug;
		};
		3D503DFE2179224100DE1D28 /* Release */ = {
			isa = XCBuildConfiguration;
			buildSettings = {
				ASSETCATALOG_COMPILER_APPICON_NAME = AppIcon;
				CODE_SIGN_STYLE = Automatic;
				INFOPLIST_FILE = Clima/Info.plist;
				LD_RUNPATH_SEARCH_PATHS = (
					"$(inherited)",
					"@executable_path/Frameworks",
				);
				PRODUCT_BUNDLE_IDENTIFIER = edu.ulsa.Clima;
				PRODUCT_NAME = "$(TARGET_NAME)";
				SWIFT_VERSION = 4.0;
				TARGETED_DEVICE_FAMILY = "1,2";
			};
			name = Release;
		};
		3D503E002179224100DE1D28 /* Debug */ = {
			isa = XCBuildConfiguration;
			buildSettings = {
				ALWAYS_EMBED_SWIFT_STANDARD_LIBRARIES = YES;
				BUNDLE_LOADER = "$(TEST_HOST)";
				CODE_SIGN_STYLE = Automatic;
				INFOPLIST_FILE = ClimaTests/Info.plist;
				LD_RUNPATH_SEARCH_PATHS = (
					"$(inherited)",
					"@executable_path/Frameworks",
					"@loader_path/Frameworks",
				);
				PRODUCT_BUNDLE_IDENTIFIER = edu.ulsa.ClimaTests;
				PRODUCT_NAME = "$(TARGET_NAME)";
				SWIFT_VERSION = 4.0;
				TARGETED_DEVICE_FAMILY = "1,2";
				TEST_HOST = "$(BUILT_PRODUCTS_DIR)/Clima.app/Clima";
			};
			name = Debug;
		};
		3D503E012179224100DE1D28 /* Release */ = {
			isa = XCBuildConfiguration;
			buildSettings = {
				ALWAYS_EMBED_SWIFT_STANDARD_LIBRARIES = YES;
				BUNDLE_LOADER = "$(TEST_HOST)";
				CODE_SIGN_STYLE = Automatic;
				INFOPLIST_FILE = ClimaTests/Info.plist;
				LD_RUNPATH_SEARCH_PATHS = (
					"$(inherited)",
					"@executable_path/Frameworks",
					"@loader_path/Frameworks",
				);
				PRODUCT_BUNDLE_IDENTIFIER = edu.ulsa.ClimaTests;
				PRODUCT_NAME = "$(TARGET_NAME)";
				SWIFT_VERSION = 4.0;
				TARGETED_DEVICE_FAMILY = "1,2";
				TEST_HOST = "$(BUILT_PRODUCTS_DIR)/Clima.app/Clima";
			};
			name = Release;
		};
		3D503E032179224100DE1D28 /* Debug */ = {
			isa = XCBuildConfiguration;
			buildSettings = {
				ALWAYS_EMBED_SWIFT_STANDARD_LIBRARIES = YES;
				CODE_SIGN_STYLE = Automatic;
				INFOPLIST_FILE = ClimaUITests/Info.plist;
				LD_RUNPATH_SEARCH_PATHS = (
					"$(inherited)",
					"@executable_path/Frameworks",
					"@loader_path/Frameworks",
				);
				PRODUCT_BUNDLE_IDENTIFIER = edu.ulsa.ClimaUITests;
				PRODUCT_NAME = "$(TARGET_NAME)";
				SWIFT_VERSION = 4.0;
				TARGETED_DEVICE_FAMILY = "1,2";
				TEST_TARGET_NAME = Clima;
			};
			name = Debug;
		};
		3D503E042179224100DE1D28 /* Release */ = {
			isa = XCBuildConfiguration;
			buildSettings = {
				ALWAYS_EMBED_SWIFT_STANDARD_LIBRARIES = YES;
				CODE_SIGN_STYLE = Automatic;
				INFOPLIST_FILE = ClimaUITests/Info.plist;
				LD_RUNPATH_SEARCH_PATHS = (
					"$(inherited)",
					"@executable_path/Frameworks",
					"@loader_path/Frameworks",
				);
				PRODUCT_BUNDLE_IDENTIFIER = edu.ulsa.ClimaUITests;
				PRODUCT_NAME = "$(TARGET_NAME)";
				SWIFT_VERSION = 4.0;
				TARGETED_DEVICE_FAMILY = "1,2";
				TEST_TARGET_NAME = Clima;
			};
			name = Release;
		};
/* End XCBuildConfiguration section */

/* Begin XCConfigurationList section */
		3D503DCF2179223A00DE1D28 /* Build configuration list for PBXProject "Clima" */ = {
			isa = XCConfigurationList;
			buildConfigurations = (
				3D503DFA2179224100DE1D28 /* Debug */,
				3D503DFB2179224100DE1D28 /* Release */,
			);
			defaultConfigurationIsVisible = 0;
			defaultConfigurationName = Release;
		};
		3D503DFC2179224100DE1D28 /* Build configuration list for PBXNativeTarget "Clima" */ = {
			isa = XCConfigurationList;
			buildConfigurations = (
				3D503DFD2179224100DE1D28 /* Debug */,
				3D503DFE2179224100DE1D28 /* Release */,
			);
			defaultConfigurationIsVisible = 0;
			defaultConfigurationName = Release;
		};
		3D503DFF2179224100DE1D28 /* Build configuration list for PBXNativeTarget "ClimaTests" */ = {
			isa = XCConfigurationList;
			buildConfigurations = (
				3D503E002179224100DE1D28 /* Debug */,
				3D503E012179224100DE1D28 /* Release */,
			);
			defaultConfigurationIsVisible = 0;
			defaultConfigurationName = Release;
		};
		3D503E022179224100DE1D28 /* Build configuration list for PBXNativeTarget "ClimaUITests" */ = {
			isa = XCConfigurationList;
			buildConfigurations = (
				3D503E032179224100DE1D28 /* Debug */,
				3D503E042179224100DE1D28 /* Release */,
			);
			defaultConfigurationIsVisible = 0;
			defaultConfigurationName = Release;
		};
/* End XCConfigurationList section */
	};
	rootObject = 3D503DCC2179223A00DE1D28 /* Project object */;
}
